
Microsoft Visual Studio Solution File, Format Version 12.00
# Visual Studio Version 17
VisualStudioVersion = 17.14.36705.20 d17.14
MinimumVisualStudioVersion = 10.0.40219.1
Project("{FAE04EC0-301F-11D3-BF4B-00C04F79EFBC}") = "SO_Appraisal", "SO_Appraisal.csproj", "{9468D0FB-BBD9-4A36-8624-AD599768D092}"
EndProject
Global
	GlobalSection(SolutionConfigurationPlatforms) = preSolution
		Debug|Any CPU = Debug|Any CPU
		Release|Any CPU = Release|Any CPU
	EndGlobalSection
	GlobalSection(ProjectConfigurationPlatforms) = postSolution
		{9468D0FB-BBD9-4A36-8624-AD599768D092}.Debug|Any CPU.ActiveCfg = Debug|Any CPU
		{9468D0FB-BBD9-4A36-8624-AD599768D092}.Debug|Any CPU.Build.0 = Debug|Any CPU
		{9468D0FB-BBD9-4A36-8624-AD599768D092}.Release|Any CPU.ActiveCfg = Release|Any CPU
		{9468D0FB-BBD9-4A36-8624-AD599768D092}.Release|Any CPU.Build.0 = Release|Any CPU
	EndGlobalSection
	GlobalSection(SolutionProperties) = preSolution
		HideSolutionNode = FALSE
	EndGlobalSection
	GlobalSection(ExtensibilityGlobals) = postSolution
		SolutionGuid = {CB67CF4A-4583-47A7-93A6-E91F2187331E}
	EndGlobalSection
EndGlobal
